
Microsoft Visual Studio Solution File, Format Version 12.00
# Visual Studio 14
VisualStudioVersion = 14.0.25420.1
MinimumVisualStudioVersion = 10.0.40219.1
Project("{FAE04EC0-301F-11D3-BF4B-00C04F79EFBC}") = "Assignment", "Assignment\Assignment.csproj", "{AE38AE23-10B1-4CAE-AD3F-60681C9FB157}"
EndProject
Project("{FAE04EC0-301F-11D3-BF4B-00C04F79EFBC}") = "Assignment.Tests", "Assignment.Tests\Assignment.Tests.csproj", "{53FF7FC7-4DD3-435F-9448-45A49630E304}"
EndProject
Global
	GlobalSection(SolutionConfigurationPlatforms) = preSolution
		Debug|Any CPU = Debug|Any CPU
		Release|Any CPU = Release|Any CPU
	EndGlobalSection
	GlobalSection(ProjectConfigurationPlatforms) = postSolution
		{AE38AE23-10B1-4CAE-AD3F-60681C9FB157}.Debug|Any CPU.ActiveCfg = Debug|Any CPU
		{AE38AE23-10B1-4CAE-AD3F-60681C9FB157}.Debug|Any CPU.Build.0 = Debug|Any CPU
		{AE38AE23-10B1-4CAE-AD3F-60681C9FB157}.Release|Any CPU.ActiveCfg = Release|Any CPU
		{AE38AE23-10B1-4CAE-AD3F-60681C9FB157}.Release|Any CPU.Build.0 = Release|Any CPU
		{53FF7FC7-4DD3-435F-9448-45A49630E304}.Debug|Any CPU.ActiveCfg = Debug|Any CPU
		{53FF7FC7-4DD3-435F-9448-45A49630E304}.Debug|Any CPU.Build.0 = Debug|Any CPU
		{53FF7FC7-4DD3-435F-9448-45A49630E304}.Release|Any CPU.ActiveCfg = Release|Any CPU
		{53FF7FC7-4DD3-435F-9448-45A49630E304}.Release|Any CPU.Build.0 = Release|Any CPU
	EndGlobalSection
	GlobalSection(SolutionProperties) = preSolution
		HideSolutionNode = FALSE
	EndGlobalSection
EndGlobal
